Microsoft Visual Studio Solution File, Format Version 12.00
# Visual Studio Version 17
VisualStudioVersion = 17.5.2.0
MinimumVisualStudioVersion = 10.0.40219.1
Project("{2150E333-8FDC-42A3-9474-1A3956D46DE8}") = "Source", "Source", "{B8EFCA5F-814F-285C-A8CB-F00F14650265}"
EndProject
Project("{FAE04EC0-301F-11D3-BF4B-00C04F79EFBC}") = "Sensit.App.Programmer", "Source\Sensit.App.Programmer\Sensit.App.Programmer.csproj", "{F90BDB3C-3933-1741-A20D-7B87778D45B9}"
EndProject
Project("{FAE04EC0-301F-11D3-BF4B-00C04F79EFBC}") = "Sensit.TestSDK", "Source\Sensit.TestSDK\Sensit.TestSDK.csproj", "{D313A164-0C81-43CB-D459-6E1313BF3435}"
EndProject
Global
	GlobalSection(SolutionConfigurationPlatforms) = preSolution
		Debug|Any CPU = Debug|Any CPU
		Release|Any CPU = Release|Any CPU
	EndGlobalSection
	GlobalSection(ProjectConfigurationPlatforms) = postSolution
		{F90BDB3C-3933-1741-A20D-7B87778D45B9}.Debug|Any CPU.ActiveCfg = Debug|Any CPU
		{F90BDB3C-3933-1741-A20D-7B87778D45B9}.Debug|Any CPU.Build.0 = Debug|Any CPU
		{F90BDB3C-3933-1741-A20D-7B87778D45B9}.Release|Any CPU.ActiveCfg = Release|Any CPU
		{F90BDB3C-3933-1741-A20D-7B87778D45B9}.Release|Any CPU.Build.0 = Release|Any CPU
		{D313A164-0C81-43CB-D459-6E1313BF3435}.Debug|Any CPU.ActiveCfg = Debug|Any CPU
		{D313A164-0C81-43CB-D459-6E1313BF3435}.Debug|Any CPU.Build.0 = Debug|Any CPU
		{D313A164-0C81-43CB-D459-6E1313BF3435}.Release|Any CPU.ActiveCfg = Release|Any CPU
		{D313A164-0C81-43CB-D459-6E1313BF3435}.Release|Any CPU.Build.0 = Release|Any CPU
	EndGlobalSection
	GlobalSection(SolutionProperties) = preSolution
		HideSolutionNode = FALSE
	EndGlobalSection
	GlobalSection(NestedProjects) = preSolution
		{F90BDB3C-3933-1741-A20D-7B87778D45B9} = {B8EFCA5F-814F-285C-A8CB-F00F14650265}
		{D313A164-0C81-43CB-D459-6E1313BF3435} = {B8EFCA5F-814F-285C-A8CB-F00F14650265}
	EndGlobalSection
	GlobalSection(ExtensibilityGlobals) = postSolution
		SolutionGuid = {073655D4-A16F-4900-BF92-97A00C15F42C}
	EndGlobalSection
EndGlobal
